{
    "_readme": [
        "This file locks the dependencies of your project to a known state",
        "Read more about it at https://getcomposer.org/doc/01-basic-usage.md#installing-dependencies",
        "This file is @generated automatically"
    ],
    "content-hash": "da16c2a9d66d0c273a54e63855f897c8",
    "packages": [
        {
            "name": "colinmollenhour/credis",
            "version": "v1.13.1",
            "source": {
                "type": "git",
                "url": "https://github.com/colinmollenhour/credis.git",
                "reference": "85df015088e00daf8ce395189de22c8eb45c8d49"
            },
            "dist": {
                "type": "zip",
                "url": "https://api.github.com/repos/colinmollenhour/credis/zipball/85df015088e00daf8ce395189de22c8eb45c8d49",
                "reference": "85df015088e00daf8ce395189de22c8eb45c8d49",
                "shasum": ""
            },
            "require": {
                "php": ">=5.6.0"
            },
            "suggest": {
                "ext-redis": "Improved performance for communicating with redis"
            },
            "type": "library",
            "autoload": {
                "classmap": [
                    "Client.php",
                    "Cluster.php",
                    "Sentinel.php",
                    "Module.php"
                ]
            },
            "notification-url": "https://packagist.org/downloads/",
            "license": [
                "MIT"
            ],
            "authors": [
                {
                    "name": "Colin Mollenhour",
                    "email": "colin@mollenhour.com"
                }
            ],
            "description": "Credis is a lightweight interface to the Redis key-value store which wraps the phpredis library when available for better performance.",
            "homepage": "https://github.com/colinmollenhour/credis",
            "support": {
                "issues": "https://github.com/colinmollenhour/credis/issues",
                "source": "https://github.com/colinmollenhour/credis/tree/v1.13.1"
            },
            "time": "2022-06-20T22:56:59+00:00"
        },
        {
            "name": "davechild/textstatistics",
            "version": "1.0.3",
            "source": {
                "type": "git",
                "url": "https://github.com/DaveChild/Text-Statistics.git",
                "reference": "e83d5f82726db80e662ae305fce3b3c41299b4f5"
            },
            "dist": {
                "type": "zip",
                "url": "https://api.github.com/repos/DaveChild/Text-Statistics/zipball/e83d5f82726db80e662ae305fce3b3c41299b4f5",
                "reference": "e83d5f82726db80e662ae305fce3b3c41299b4f5",
                "shasum": ""
            },
            "require": {
                "php": ">=7.2.0"
            },
            "require-dev": {
                "phpunit/phpunit": "^7"
            },
            "suggest": {
                "ext-bcmath": "More accurate floating point calculations.",
                "ext-mbstring": "Handle multi-byte text properly."
            },
            "type": "library",
            "extra": {
                "branch-alias": {
                    "dev-master": "1.0.x-dev"
                }
            },
            "autoload": {
                "psr-0": {
                    "DaveChild\\TextStatistics": "src"
                }
            },
            "notification-url": "https://packagist.org/downloads/",
            "license": [
                "BSD-2-Clause"
            ],
            "authors": [
                {
                    "name": "Dave Child",
                    "email": "dave@addedbytes.com",
                    "homepage": "https://www.addedbytes.com/",
                    "role": "Developer"
                }
            ],
            "description": "PHP package to measure the readability of text according to various algorithms.",
            "homepage": "https://github.com/DaveChild/Text-Statistics",
            "support": {
                "issues": "https://github.com/DaveChild/Text-Statistics/issues",
                "source": "https://github.com/DaveChild/Text-Statistics/tree/master"
            },
            "time": "2018-08-21T08:17:10+00:00"
        },
        {
            "name": "karmabunny/kb",
            "version": "v2.29.15",
            "source": {
                "type": "git",
                "url": "https://github.com/Karmabunny/kbphp.git",
                "reference": "2e2ca01aff9e367e7a59d4465267dc9fdd4dde9b"
            },
            "dist": {
                "type": "zip",
                "url": "https://api.github.com/repos/Karmabunny/kbphp/zipball/2e2ca01aff9e367e7a59d4465267dc9fdd4dde9b",
                "reference": "2e2ca01aff9e367e7a59d4465267dc9fdd4dde9b",
                "shasum": ""
            },
            "require": {
                "php": ">=7.0",
                "symfony/polyfill-php73": "*"
            },
            "require-dev": {
                "phpcompatibility/php-compatibility": "^9.3",
                "phpstan/phpstan": "^0.12.82",
                "phpunit/phpunit": "^9.3"
            },
            "type": "library",
            "autoload": {
                "psr-4": {
                    "karmabunny\\kb\\": "src/"
                }
            },
            "notification-url": "https://packagist.org/downloads/",
            "license": [
                "MIT"
            ],
            "authors": [
                {
                    "name": "Karmabunny",
                    "email": "info@karmabunny.com.au"
                }
            ],
            "description": "Common KB utilities",
            "keywords": [
                "collections",
                "karmabunny",
                "kb",
                "utilities"
            ],
            "support": {
                "issues": "https://github.com/Karmabunny/kbphp/issues",
                "source": "https://github.com/Karmabunny/kbphp/tree/v2.29.15"
            },
            "time": "2022-07-24T13:24:58+00:00"
        },
        {
            "name": "karmabunny/pdb",
            "version": "v0.19.30",
            "source": {
                "type": "git",
                "url": "https://github.com/Karmabunny/kbpdb.git",
                "reference": "b075aa3cd8546a152c9f53315fe9f1bd2ad1d2a8"
            },
            "dist": {
                "type": "zip",
                "url": "https://api.github.com/repos/Karmabunny/kbpdb/zipball/b075aa3cd8546a152c9f53315fe9f1bd2ad1d2a8",
                "reference": "b075aa3cd8546a152c9f53315fe9f1bd2ad1d2a8",
                "shasum": ""
            },
            "require": {
                "ext-dom": "*",
                "ext-libxml": "*",
                "ext-pdo": "*",
                "karmabunny/kb": "^2.28",
                "php": "^7|^8"
            },
            "require-dev": {
                "karmabunny/rdb": "^1.16",
                "phpcompatibility/php-compatibility": "^9.3",
                "phpstan/phpstan": "^0.12.83",
                "phpunit/phpunit": "^9.5"
            },
            "suggest": {
                "karmabunny/rdb": "For persistent caching - using the PdbCacheRedis class"
            },
            "type": "library",
            "extra": {
                "locals": {
                    "karmabunny/kb": "../kbphp",
                    "karmabunny/rdb": "../kbrdb"
                }
            },
            "autoload": {
                "psr-4": {
                    "karmabunny\\pdb\\": "src"
                }
            },
            "notification-url": "https://packagist.org/downloads/",
            "license": [
                "GPL-2.0-or-later"
            ],
            "authors": [
                {
                    "name": "Karmabunny",
                    "email": "info@karmabunny.com.au"
                }
            ],
            "description": "PDO wrapper",
            "keywords": [
                "database",
                "dbsync",
                "mysql",
                "pdb",
                "pdo",
                "pgsql",
                "postgres",
                "schema",
                "sqlite"
            ],
            "support": {
                "issues": "https://github.com/Karmabunny/kbpdb/issues",
                "source": "https://github.com/Karmabunny/kbpdb/tree/v0.19.30"
            },
            "time": "2022-07-24T22:58:48+00:00"
        },
        {
            "name": "karmabunny/rdb",
            "version": "v1.17.8",
            "source": {
                "type": "git",
                "url": "https://github.com/Karmabunny/kbrdb.git",
                "reference": "ed8b8320fb280e97b71cd1cf46ae8a125a96a135"
            },
            "dist": {
                "type": "zip",
                "url": "https://api.github.com/repos/Karmabunny/kbrdb/zipball/ed8b8320fb280e97b71cd1cf46ae8a125a96a135",
                "reference": "ed8b8320fb280e97b71cd1cf46ae8a125a96a135",
                "shasum": ""
            },
            "require": {
                "colinmollenhour/credis": "^1",
                "php": ">=7.1",
                "predis/predis": "^1"
            },
            "require-dev": {
                "phpcompatibility/php-compatibility": "^9.3",
                "phpstan/phpstan": "^0.12.84",
                "phpunit/phpunit": "^9.5"
            },
            "type": "library",
            "autoload": {
                "psr-4": {
                    "karmabunny\\rdb\\": "src/"
                }
            },
            "notification-url": "https://packagist.org/downloads/",
            "license": [
                "MIT"
            ],
            "authors": [
                {
                    "name": "Karmabunny",
                    "email": "info@karmabunny.com.au"
                }
            ],
            "description": "Redis wrapper for KB things",
            "keywords": [
                "RDB",
                "redis"
            ],
            "support": {
                "issues": "https://github.com/Karmabunny/kbrdb/issues",
                "source": "https://github.com/Karmabunny/kbrdb/tree/v1.17.8"
            },
            "time": "2022-07-11T02:48:27+00:00"
        },
        {
            "name": "karmabunny/router",
            "version": "v2.7.11",
            "source": {
                "type": "git",
                "url": "https://github.com/Karmabunny/kbrouter.git",
                "reference": "0f6ad30999033099d228f7cae8b2583b8d13ee8d"
            },
            "dist": {
                "type": "zip",
                "url": "https://api.github.com/repos/Karmabunny/kbrouter/zipball/0f6ad30999033099d228f7cae8b2583b8d13ee8d",
                "reference": "0f6ad30999033099d228f7cae8b2583b8d13ee8d",
                "shasum": ""
            },
            "require-dev": {
                "phpcompatibility/php-compatibility": "^9.3",
                "phpstan/phpstan": "^0.12.88",
                "phpunit/phpunit": "^9.5"
            },
            "type": "library",
            "autoload": {
                "psr-4": {
                    "karmabunny\\router\\": "src"
                }
            },
            "notification-url": "https://packagist.org/downloads/",
            "license": [
                "MIT"
            ],
            "authors": [
                {
                    "name": "Karmabunny",
                    "email": "info@karmabunny.com.au"
                }
            ],
            "description": "Routing library",
            "keywords": [
                "router",
                "routing"
            ],
            "support": {
                "issues": "https://github.com/Karmabunny/kbrouter/issues",
                "source": "https://github.com/Karmabunny/kbrouter/tree/v2.7.11"
            },
            "time": "2022-05-25T05:56:09+00:00"
        },
        {
            "name": "phpmailer/phpmailer",
            "version": "v6.6.3",
            "source": {
                "type": "git",
                "url": "https://github.com/PHPMailer/PHPMailer.git",
                "reference": "9400f305a898f194caff5521f64e5dfa926626f3"
            },
            "dist": {
                "type": "zip",
                "url": "https://api.github.com/repos/PHPMailer/PHPMailer/zipball/9400f305a898f194caff5521f64e5dfa926626f3",
                "reference": "9400f305a898f194caff5521f64e5dfa926626f3",
                "shasum": ""
            },
            "require": {
                "ext-ctype": "*",
                "ext-filter": "*",
                "ext-hash": "*",
                "php": ">=5.5.0"
            },
            "require-dev": {
                "dealerdirect/phpcodesniffer-composer-installer": "^0.7.0",
                "doctrine/annotations": "^1.2",
                "php-parallel-lint/php-console-highlighter": "^1.0.0",
                "php-parallel-lint/php-parallel-lint": "^1.3.2",
                "phpcompatibility/php-compatibility": "^9.3.5",
                "roave/security-advisories": "dev-latest",
                "squizlabs/php_codesniffer": "^3.6.2",
                "yoast/phpunit-polyfills": "^1.0.0"
            },
            "suggest": {
                "ext-mbstring": "Needed to send email in multibyte encoding charset or decode encoded addresses",
                "hayageek/oauth2-yahoo": "Needed for Yahoo XOAUTH2 authentication",
                "league/oauth2-google": "Needed for Google XOAUTH2 authentication",
                "psr/log": "For optional PSR-3 debug logging",
                "stevenmaguire/oauth2-microsoft": "Needed for Microsoft XOAUTH2 authentication",
                "symfony/polyfill-mbstring": "To support UTF-8 if the Mbstring PHP extension is not enabled (^1.2)"
            },
            "type": "library",
            "autoload": {
                "psr-4": {
                    "PHPMailer\\PHPMailer\\": "src/"
                }
            },
            "notification-url": "https://packagist.org/downloads/",
            "license": [
                "LGPL-2.1-only"
            ],
            "authors": [
                {
                    "name": "Marcus Bointon",
                    "email": "phpmailer@synchromedia.co.uk"
                },
                {
                    "name": "Jim Jagielski",
                    "email": "jimjag@gmail.com"
                },
                {
                    "name": "Andy Prevost",
                    "email": "codeworxtech@users.sourceforge.net"
                },
                {
                    "name": "Brent R. Matzelle"
                }
            ],
            "description": "PHPMailer is a full-featured email creation and transfer class for PHP",
            "support": {
                "issues": "https://github.com/PHPMailer/PHPMailer/issues",
                "source": "https://github.com/PHPMailer/PHPMailer/tree/v6.6.3"
            },
            "funding": [
                {
                    "url": "https://github.com/Synchro",
                    "type": "github"
                }
            ],
            "time": "2022-06-20T09:21:02+00:00"
        },
        {
            "name": "phpoption/phpoption",
            "version": "1.9.0",
            "source": {
                "type": "git",
                "url": "https://github.com/schmittjoh/php-option.git",
                "reference": "dc5ff11e274a90cc1c743f66c9ad700ce50db9ab"
            },
            "dist": {
                "type": "zip",
                "url": "https://api.github.com/repos/schmittjoh/php-option/zipball/dc5ff11e274a90cc1c743f66c9ad700ce50db9ab",
                "reference": "dc5ff11e274a90cc1c743f66c9ad700ce50db9ab",
                "shasum": ""
            },
            "require": {
                "php": "^7.2.5 || ^8.0"
            },
            "require-dev": {
                "bamarni/composer-bin-plugin": "^1.8",
                "phpunit/phpunit": "^8.5.28 || ^9.5.21"
            },
            "type": "library",
            "extra": {
                "bamarni-bin": {
                    "bin-links": true,
                    "forward-command": true
                },
                "branch-alias": {
                    "dev-master": "1.9-dev"
                }
            },
            "autoload": {
                "psr-4": {
                    "PhpOption\\": "src/PhpOption/"
                }
            },
            "notification-url": "https://packagist.org/downloads/",
            "license": [
                "Apache-2.0"
            ],
            "authors": [
                {
                    "name": "Johannes M. Schmitt",
                    "email": "schmittjoh@gmail.com",
                    "homepage": "https://github.com/schmittjoh"
                },
                {
                    "name": "Graham Campbell",
                    "email": "hello@gjcampbell.co.uk",
                    "homepage": "https://github.com/GrahamCampbell"
                }
            ],
            "description": "Option Type for PHP",
            "keywords": [
                "language",
                "option",
                "php",
                "type"
            ],
            "support": {
                "issues": "https://github.com/schmittjoh/php-option/issues",
                "source": "https://github.com/schmittjoh/php-option/tree/1.9.0"
            },
            "funding": [
                {
                    "url": "https://github.com/GrahamCampbell",
                    "type": "github"
                },
                {
                    "url": "https://tidelift.com/funding/github/packagist/phpoption/phpoption",
                    "type": "tidelift"
                }
            ],
            "time": "2022-07-30T15:51:26+00:00"
        },
        {
            "name": "predis/predis",
            "version": "v1.1.10",
            "source": {
                "type": "git",
                "url": "https://github.com/predis/predis.git",
                "reference": "a2fb02d738bedadcffdbb07efa3a5e7bd57f8d6e"
            },
            "dist": {
                "type": "zip",
                "url": "https://api.github.com/repos/predis/predis/zipball/a2fb02d738bedadcffdbb07efa3a5e7bd57f8d6e",
                "reference": "a2fb02d738bedadcffdbb07efa3a5e7bd57f8d6e",
                "shasum": ""
            },
            "require": {
                "php": ">=5.3.9"
            },
            "require-dev": {
                "phpunit/phpunit": "~4.8"
            },
            "suggest": {
                "ext-curl": "Allows access to Webdis when paired with phpiredis",
                "ext-phpiredis": "Allows faster serialization and deserialization of the Redis protocol"
            },
            "type": "library",
            "autoload": {
                "psr-4": {
                    "Predis\\": "src/"
                }
            },
            "notification-url": "https://packagist.org/downloads/",
            "license": [
                "MIT"
            ],
            "authors": [
                {
                    "name": "Daniele Alessandri",
                    "email": "suppakilla@gmail.com",
                    "homepage": "http://clorophilla.net",
                    "role": "Creator & Maintainer"
                },
                {
                    "name": "Till Krüss",
                    "homepage": "https://till.im",
                    "role": "Maintainer"
                }
            ],
            "description": "Flexible and feature-complete Redis client for PHP and HHVM",
            "homepage": "http://github.com/predis/predis",
            "keywords": [
                "nosql",
                "predis",
                "redis"
            ],
            "support": {
                "issues": "https://github.com/predis/predis/issues",
                "source": "https://github.com/predis/predis/tree/v1.1.10"
            },
            "funding": [
                {
                    "url": "https://github.com/sponsors/tillkruss",
                    "type": "github"
                }
            ],
            "time": "2022-01-05T17:46:08+00:00"
        },
        {
            "name": "setasign/fpdi",
            "version": "v2.3.6",
            "source": {
                "type": "git",
                "url": "https://github.com/Setasign/FPDI.git",
                "reference": "6231e315f73e4f62d72b73f3d6d78ff0eed93c31"
            },
            "dist": {
                "type": "zip",
                "url": "https://api.github.com/repos/Setasign/FPDI/zipball/6231e315f73e4f62d72b73f3d6d78ff0eed93c31",
                "reference": "6231e315f73e4f62d72b73f3d6d78ff0eed93c31",
                "shasum": ""
            },
            "require": {
                "ext-zlib": "*",
                "php": "^5.6 || ^7.0 || ^8.0"
            },
            "conflict": {
                "setasign/tfpdf": "<1.31"
            },
            "require-dev": {
                "phpunit/phpunit": "~5.7",
                "setasign/fpdf": "~1.8",
                "setasign/tfpdf": "1.31",
                "squizlabs/php_codesniffer": "^3.5",
                "tecnickcom/tcpdf": "~6.2"
            },
            "suggest": {
                "setasign/fpdf": "FPDI will extend this class but as it is also possible to use TCPDF or tFPDF as an alternative. There's no fixed dependency configured."
            },
            "type": "library",
            "autoload": {
                "psr-4": {
                    "setasign\\Fpdi\\": "src/"
                }
            },
            "notification-url": "https://packagist.org/downloads/",
            "license": [
                "MIT"
            ],
            "authors": [
                {
                    "name": "Jan Slabon",
                    "email": "jan.slabon@setasign.com",
                    "homepage": "https://www.setasign.com"
                },
                {
                    "name": "Maximilian Kresse",
                    "email": "maximilian.kresse@setasign.com",
                    "homepage": "https://www.setasign.com"
                }
            ],
            "description": "FPDI is a collection of PHP classes facilitating developers to read pages from existing PDF documents and use them as templates in FPDF. Because it is also possible to use FPDI with TCPDF, there are no fixed dependencies defined. Please see suggestions for packages which evaluates the dependencies automatically.",
            "homepage": "https://www.setasign.com/fpdi",
            "keywords": [
                "fpdf",
                "fpdi",
                "pdf"
            ],
            "support": {
                "issues": "https://github.com/Setasign/FPDI/issues",
                "source": "https://github.com/Setasign/FPDI/tree/v2.3.6"
            },
            "funding": [
                {
                    "url": "https://tidelift.com/funding/github/packagist/setasign/fpdi",
                    "type": "tidelift"
                }
            ],
            "time": "2021-02-11T11:37:01+00:00"
        },
        {
            "name": "setasign/tfpdf",
            "version": "v1.32",
            "source": {
                "type": "git",
                "url": "https://github.com/Setasign/tFPDF.git",
                "reference": "a879b83485c263605cbf98ab2e8fdd4d37ca2707"
            },
            "dist": {
                "type": "zip",
                "url": "https://api.github.com/repos/Setasign/tFPDF/zipball/a879b83485c263605cbf98ab2e8fdd4d37ca2707",
                "reference": "a879b83485c263605cbf98ab2e8fdd4d37ca2707",
                "shasum": ""
            },
            "type": "library",
            "autoload": {
                "classmap": [
                    "tfpdf.php",
                    "font/unifont/ttfonts.php"
                ]
            },
            "notification-url": "https://packagist.org/downloads/",
            "license": [
                "LGPL-2.1"
            ],
            "authors": [
                {
                    "name": "Ian Back"
                },
                {
                    "name": "Tycho Veltmeijer",
                    "email": "tfpdf@tychoveltmeijer.nl",
                    "role": "Maintainer"
                },
                {
                    "name": "Olivier Plathey",
                    "email": "oliver@fpdf.org",
                    "homepage": "http://fpdf.org/"
                }
            ],
            "description": "This class is a modified version of FPDF that adds UTF-8 support. As of version 1.31 it is based on FPDF 1.82. Before it was based on FPDF 1.7.",
            "homepage": "http://fpdf.org/en/script/script92.php",
            "keywords": [
                "fpdf",
                "pdf",
                "tfpdf",
                "unicode"
            ],
            "support": {
                "issues": "https://github.com/Setasign/tFPDF/issues",
                "source": "https://github.com/Setasign/tFPDF/tree/master"
            },
            "time": "2020-08-31T07:28:46+00:00"
        },
        {
            "name": "sproutcms/cms",
            "version": "3.2.x-dev",
            "dist": {
                "type": "path",
                "url": "../sprout3",
                "reference": "918a2c70e7534c2ed9b168e096137a49bb28e8f4"
            },
            "require": {
                "davechild/textstatistics": "^1.0",
                "karmabunny/kb": "^2.29",
                "karmabunny/pdb": ">0.19|<1.0",
                "karmabunny/rdb": "^1.17",
                "karmabunny/router": "^2.7",
                "phpmailer/phpmailer": "^6.5",
                "setasign/fpdi": "^2.3",
                "setasign/tfpdf": "^1.32",
                "twig/twig": "^3.3",
                "vlucas/phpdotenv": "^3"
            },
            "require-dev": {
                "karmabunny/nstrack": "^1.0",
                "phpcompatibility/php-compatibility": "^9.3",
                "phpstan/phpstan": "^1.5",
                "phpunit/phpunit": "^7"
            },
            "type": "library",
            "extra": {
                "locals": {
                    "karmabunny/kb": "../kbphp",
                    "karmabunny/pdb": "../kbpdb",
                    "karmabunny/rdb": "../kbrdb",
                    "karmabunny/nstrack": "../nstrack"
                }
            },
            "autoload": {
                "psr-4": {
                    "Sprout\\": "src/sprout"
                },
                "files": [
                    "src/sprout/preboot.php"
                ]
            },
            "scripts": {
                "register-phpcs": [
                    "phpcs --config-set installed_paths src/vendor/phpcompatibility/php-compatibility"
                ],
                "post-install-cmd": [
                    "@register-phpcs"
                ],
                "post-update-cmd": [
                    "@register-phpcs"
                ],
                "compat": [
                    "phpcs -p --standard=phpcs.xml --colors --extensions=php"
                ],
                "analyse": [
                    "phpstan analyse -c phpstan.neon"
                ],
                "test": [
                    "phpunit --testdox --configuration phpunit.xml.dist"
                ],
                "nstrack": [
                    "nstrack"
                ],
                "patch-locals": [
                    "@php tools/patch_locals.php"
                ]
            },
            "transport-options": {
                "relative": true
            }
        },
        {
            "name": "symfony/polyfill-ctype",
            "version": "v1.26.0",
            "source": {
                "type": "git",
                "url": "https://github.com/symfony/polyfill-ctype.git",
                "reference": "6fd1b9a79f6e3cf65f9e679b23af304cd9e010d4"
            },
            "dist": {
                "type": "zip",
                "url": "https://api.github.com/repos/symfony/polyfill-ctype/zipball/6fd1b9a79f6e3cf65f9e679b23af304cd9e010d4",
                "reference": "6fd1b9a79f6e3cf65f9e679b23af304cd9e010d4",
                "shasum": ""
            },
            "require": {
                "php": ">=7.1"
            },
            "provide": {
                "ext-ctype": "*"
            },
            "suggest": {
                "ext-ctype": "For best performance"
            },
            "type": "library",
            "extra": {
                "branch-alias": {
                    "dev-main": "1.26-dev"
                },
                "thanks": {
                    "name": "symfony/polyfill",
                    "url": "https://github.com/symfony/polyfill"
                }
            },
            "autoload": {
                "files": [
                    "bootstrap.php"
                ],
                "psr-4": {
                    "Symfony\\Polyfill\\Ctype\\": ""
                }
            },
            "notification-url": "https://packagist.org/downloads/",
            "license": [
                "MIT"
            ],
            "authors": [
                {
                    "name": "Gert de Pagter",
                    "email": "BackEndTea@gmail.com"
                },
                {
                    "name": "Symfony Community",
                    "homepage": "https://symfony.com/contributors"
                }
            ],
            "description": "Symfony polyfill for ctype functions",
            "homepage": "https://symfony.com",
            "keywords": [
                "compatibility",
                "ctype",
                "polyfill",
                "portable"
            ],
            "support": {
                "source": "https://github.com/symfony/polyfill-ctype/tree/v1.26.0"
            },
            "funding": [
                {
                    "url": "https://symfony.com/sponsor",
                    "type": "custom"
                },
                {
                    "url": "https://github.com/fabpot",
                    "type": "github"
                },
                {
                    "url": "https://tidelift.com/funding/github/packagist/symfony/symfony",
                    "type": "tidelift"
                }
            ],
            "time": "2022-05-24T11:49:31+00:00"
        },
        {
            "name": "symfony/polyfill-mbstring",
            "version": "v1.26.0",
            "source": {
                "type": "git",
                "url": "https://github.com/symfony/polyfill-mbstring.git",
                "reference": "9344f9cb97f3b19424af1a21a3b0e75b0a7d8d7e"
            },
            "dist": {
                "type": "zip",
                "url": "https://api.github.com/repos/symfony/polyfill-mbstring/zipball/9344f9cb97f3b19424af1a21a3b0e75b0a7d8d7e",
                "reference": "9344f9cb97f3b19424af1a21a3b0e75b0a7d8d7e",
                "shasum": ""
            },
            "require": {
                "php": ">=7.1"
            },
            "provide": {
                "ext-mbstring": "*"
            },
            "suggest": {
                "ext-mbstring": "For best performance"
            },
            "type": "library",
            "extra": {
                "branch-alias": {
                    "dev-main": "1.26-dev"
                },
                "thanks": {
                    "name": "symfony/polyfill",
                    "url": "https://github.com/symfony/polyfill"
                }
            },
            "autoload": {
                "files": [
                    "bootstrap.php"
                ],
                "psr-4": {
                    "Symfony\\Polyfill\\Mbstring\\": ""
                }
            },
            "notification-url": "https://packagist.org/downloads/",
            "license": [
                "MIT"
            ],
            "authors": [
                {
                    "name": "Nicolas Grekas",
                    "email": "p@tchwork.com"
                },
                {
                    "name": "Symfony Community",
                    "homepage": "https://symfony.com/contributors"
                }
            ],
            "description": "Symfony polyfill for the Mbstring extension",
            "homepage": "https://symfony.com",
            "keywords": [
                "compatibility",
                "mbstring",
                "polyfill",
                "portable",
                "shim"
            ],
            "support": {
                "source": "https://github.com/symfony/polyfill-mbstring/tree/v1.26.0"
            },
            "funding": [
                {
                    "url": "https://symfony.com/sponsor",
                    "type": "custom"
                },
                {
                    "url": "https://github.com/fabpot",
                    "type": "github"
                },
                {
                    "url": "https://tidelift.com/funding/github/packagist/symfony/symfony",
                    "type": "tidelift"
                }
            ],
            "time": "2022-05-24T11:49:31+00:00"
        },
        {
            "name": "symfony/polyfill-php73",
            "version": "v1.26.0",
            "source": {
                "type": "git",
                "url": "https://github.com/symfony/polyfill-php73.git",
                "reference": "e440d35fa0286f77fb45b79a03fedbeda9307e85"
            },
            "dist": {
                "type": "zip",
                "url": "https://api.github.com/repos/symfony/polyfill-php73/zipball/e440d35fa0286f77fb45b79a03fedbeda9307e85",
                "reference": "e440d35fa0286f77fb45b79a03fedbeda9307e85",
                "shasum": ""
            },
            "require": {
                "php": ">=7.1"
            },
            "type": "library",
            "extra": {
                "branch-alias": {
                    "dev-main": "1.26-dev"
                },
                "thanks": {
                    "name": "symfony/polyfill",
                    "url": "https://github.com/symfony/polyfill"
                }
            },
            "autoload": {
                "files": [
                    "bootstrap.php"
                ],
                "psr-4": {
                    "Symfony\\Polyfill\\Php73\\": ""
                },
                "classmap": [
                    "Resources/stubs"
                ]
            },
            "notification-url": "https://packagist.org/downloads/",
            "license": [
                "MIT"
            ],
            "authors": [
                {
                    "name": "Nicolas Grekas",
                    "email": "p@tchwork.com"
                },
                {
                    "name": "Symfony Community",
                    "homepage": "https://symfony.com/contributors"
                }
            ],
            "description": "Symfony polyfill backporting some PHP 7.3+ features to lower PHP versions",
            "homepage": "https://symfony.com",
            "keywords": [
                "compatibility",
                "polyfill",
                "portable",
                "shim"
            ],
            "support": {
                "source": "https://github.com/symfony/polyfill-php73/tree/v1.26.0"
            },
            "funding": [
                {
                    "url": "https://symfony.com/sponsor",
                    "type": "custom"
                },
                {
                    "url": "https://github.com/fabpot",
                    "type": "github"
                },
                {
                    "url": "https://tidelift.com/funding/github/packagist/symfony/symfony",
                    "type": "tidelift"
                }
            ],
            "time": "2022-05-24T11:49:31+00:00"
        },
        {
            "name": "twig/twig",
            "version": "v3.4.1",
            "source": {
                "type": "git",
                "url": "https://github.com/twigphp/Twig.git",
                "reference": "e939eae92386b69b49cfa4599dd9bead6bf4a342"
            },
            "dist": {
                "type": "zip",
                "url": "https://api.github.com/repos/twigphp/Twig/zipball/e939eae92386b69b49cfa4599dd9bead6bf4a342",
                "reference": "e939eae92386b69b49cfa4599dd9bead6bf4a342",
                "shasum": ""
            },
            "require": {
                "php": ">=7.2.5",
                "symfony/polyfill-ctype": "^1.8",
                "symfony/polyfill-mbstring": "^1.3"
            },
            "require-dev": {
                "psr/container": "^1.0",
                "symfony/phpunit-bridge": "^4.4.9|^5.0.9|^6.0"
            },
            "type": "library",
            "extra": {
                "branch-alias": {
                    "dev-master": "3.4-dev"
                }
            },
            "autoload": {
                "psr-4": {
                    "Twig\\": "src/"
                }
            },
            "notification-url": "https://packagist.org/downloads/",
            "license": [
                "BSD-3-Clause"
            ],
            "authors": [
                {
                    "name": "Fabien Potencier",
                    "email": "fabien@symfony.com",
                    "homepage": "http://fabien.potencier.org",
                    "role": "Lead Developer"
                },
                {
                    "name": "Twig Team",
                    "role": "Contributors"
                },
                {
                    "name": "Armin Ronacher",
                    "email": "armin.ronacher@active-4.com",
                    "role": "Project Founder"
                }
            ],
            "description": "Twig, the flexible, fast, and secure template language for PHP",
            "homepage": "https://twig.symfony.com",
            "keywords": [
                "templating"
            ],
            "support": {
                "issues": "https://github.com/twigphp/Twig/issues",
                "source": "https://github.com/twigphp/Twig/tree/v3.4.1"
            },
            "funding": [
                {
                    "url": "https://github.com/fabpot",
                    "type": "github"
                },
                {
                    "url": "https://tidelift.com/funding/github/packagist/twig/twig",
                    "type": "tidelift"
                }
            ],
            "time": "2022-05-17T05:48:52+00:00"
        },
        {
            "name": "vlucas/phpdotenv",
            "version": "v3.6.10",
            "source": {
                "type": "git",
                "url": "https://github.com/vlucas/phpdotenv.git",
                "reference": "5b547cdb25825f10251370f57ba5d9d924e6f68e"
            },
            "dist": {
                "type": "zip",
                "url": "https://api.github.com/repos/vlucas/phpdotenv/zipball/5b547cdb25825f10251370f57ba5d9d924e6f68e",
                "reference": "5b547cdb25825f10251370f57ba5d9d924e6f68e",
                "shasum": ""
            },
            "require": {
                "php": "^5.4 || ^7.0 || ^8.0",
                "phpoption/phpoption": "^1.5.2",
                "symfony/polyfill-ctype": "^1.17"
            },
            "require-dev": {
                "ext-filter": "*",
                "ext-pcre": "*",
                "phpunit/phpunit": "^4.8.36 || ^5.7.27 || ^6.5.14 || ^7.5.20 || ^8.5.21"
            },
            "suggest": {
                "ext-filter": "Required to use the boolean validator.",
                "ext-pcre": "Required to use most of the library."
            },
            "type": "library",
            "extra": {
                "branch-alias": {
                    "dev-master": "3.6-dev"
                }
            },
            "autoload": {
                "psr-4": {
                    "Dotenv\\": "src/"
                }
            },
            "notification-url": "https://packagist.org/downloads/",
            "license": [
                "BSD-3-Clause"
            ],
            "authors": [
                {
                    "name": "Graham Campbell",
                    "email": "hello@gjcampbell.co.uk",
                    "homepage": "https://github.com/GrahamCampbell"
                },
                {
                    "name": "Vance Lucas",
                    "email": "vance@vancelucas.com",
                    "homepage": "https://github.com/vlucas"
                }
            ],
            "description": "Loads environment variables from `.env` to `getenv()`, `$_ENV` and `$_SERVER` automagically.",
            "keywords": [
                "dotenv",
                "env",
                "environment"
            ],
            "support": {
                "issues": "https://github.com/vlucas/phpdotenv/issues",
                "source": "https://github.com/vlucas/phpdotenv/tree/v3.6.10"
            },
            "funding": [
                {
                    "url": "https://github.com/GrahamCampbell",
                    "type": "github"
                },
                {
                    "url": "https://tidelift.com/funding/github/packagist/vlucas/phpdotenv",
                    "type": "tidelift"
                }
            ],
            "time": "2021-12-12T23:02:06+00:00"
        }
    ],
    "packages-dev": [],
    "aliases": [],
    "minimum-stability": "stable",
    "stability-flags": {
        "sproutcms/cms": 20
    },
    "prefer-stable": false,
    "prefer-lowest": false,
    "platform": [],
    "platform-dev": [],
    "platform-overrides": {
        "php": "7.3"
    },
    "plugin-api-version": "2.3.0"
}
